PODS:
  - AWSCognito (2.5.0):
    - AWSCore (= 2.5.0)
  - AWSCognitoIdentityProvider (2.5.0):
    - AWSCore (= 2.5.0)
  - AWSCore (2.5.0)
  - AWSDynamoDB (2.5.0):
    - AWSCore (= 2.5.0)
  - AWSS3 (2.5.0):
    - AWSCore (= 2.5.0)
  - SimpleAWS (0.1.61):
    - AWSCognito
    - AWSCognitoIdentityProvider
    - AWSCore
    - AWSDynamoDB
    - AWSS3

DEPENDENCIES:
  - SimpleAWS (from `../`)

EXTERNAL SOURCES:
  SimpleAWS:
    :path: "../"

SPEC CHECKSUMS:
  AWSCognito: 5a1af0c4b351de1ec8d523d3ed0aecce42dd630e
  AWSCognitoIdentityProvider: 63c70d5e859fb34c202cf13b69bb3dc59d2d5a71
  AWSCore: e9839d27ceaa2db75934a9c418630ce63c23e347
  AWSDynamoDB: 81b3523f113dacf53c071965662b7056ad866709
  AWSS3: 3678dd99006ff77c825fb857fc7cbaca0db848c6
  SimpleAWS: 38a0e3d28a5a11c88ceaa0ad7f7fe8d866cbdb99

PODFILE CHECKSUM: cef988a36b60f0dadf709c2f15a7135a50360050

COCOAPODS: 1.1.1
